
Microsoft Visual Studio Solution File, Format Version 12.00
# Visual Studio 2013
VisualStudioVersion = 12.0.21005.1
MinimumVisualStudioVersion = 10.0.40219.1
Project("{F2A71F9B-5D33-465A-A702-920D77279786}") = "FancyFS.Core", "FancyFS.Core\FancyFS.Core.fsproj", "{8EFCD092-048D-4D44-8C07-FF530799729C}"
EndProject
Project("{F2A71F9B-5D33-465A-A702-920D77279786}") = "FancyFS.Core.Tests", "FancyFS.Core.Tests\FancyFS.Core.Tests.fsproj", "{E99700C1-897A-46DB-8758-D0D3F1ED64E7}"
EndProject
Project("{F2A71F9B-5D33-465A-A702-920D77279786}") = "FancyFS.Hosting.ASPNET", "FancyFS.Hosting.ASPNET\FancyFS.Hosting.ASPNET.fsproj", "{2FF85892-1FB0-4CBA-8FF4-4EC7C95E8C27}"
EndProject
Project("{F2A71F9B-5D33-465A-A702-920D77279786}") = "FancyFS.ASP.Example", "FancyFS.ASP.Example\FancyFS.ASP.Example.fsproj", "{FFD7D40D-AC94-4A94-AA58-20D52A2B1DAF}"
EndProject
Project("{F2A71F9B-5D33-465A-A702-920D77279786}") = "FancyFS.Router", "FancyFS.Router\FancyFS.Router.fsproj", "{936395EC-561B-482C-8D9A-AB3BDDAD2ABF}"
EndProject
Global
	GlobalSection(SolutionConfigurationPlatforms) = preSolution
		Debug|Any CPU = Debug|Any CPU
		Release|Any CPU = Release|Any CPU
	EndGlobalSection
	GlobalSection(ProjectConfigurationPlatforms) = postSolution
		{8EFCD092-048D-4D44-8C07-FF530799729C}.Debug|Any CPU.ActiveCfg = Debug|Any CPU
		{8EFCD092-048D-4D44-8C07-FF530799729C}.Debug|Any CPU.Build.0 = Debug|Any CPU
		{8EFCD092-048D-4D44-8C07-FF530799729C}.Release|Any CPU.ActiveCfg = Release|Any CPU
		{8EFCD092-048D-4D44-8C07-FF530799729C}.Release|Any CPU.Build.0 = Release|Any CPU
		{E99700C1-897A-46DB-8758-D0D3F1ED64E7}.Debug|Any CPU.ActiveCfg = Debug|Any CPU
		{E99700C1-897A-46DB-8758-D0D3F1ED64E7}.Debug|Any CPU.Build.0 = Debug|Any CPU
		{E99700C1-897A-46DB-8758-D0D3F1ED64E7}.Release|Any CPU.ActiveCfg = Release|Any CPU
		{E99700C1-897A-46DB-8758-D0D3F1ED64E7}.Release|Any CPU.Build.0 = Release|Any CPU
		{2FF85892-1FB0-4CBA-8FF4-4EC7C95E8C27}.Debug|Any CPU.ActiveCfg = Debug|Any CPU
		{2FF85892-1FB0-4CBA-8FF4-4EC7C95E8C27}.Debug|Any CPU.Build.0 = Debug|Any CPU
		{2FF85892-1FB0-4CBA-8FF4-4EC7C95E8C27}.Release|Any CPU.ActiveCfg = Release|Any CPU
		{2FF85892-1FB0-4CBA-8FF4-4EC7C95E8C27}.Release|Any CPU.Build.0 = Release|Any CPU
		{FFD7D40D-AC94-4A94-AA58-20D52A2B1DAF}.Debug|Any CPU.ActiveCfg = Debug|Any CPU
		{FFD7D40D-AC94-4A94-AA58-20D52A2B1DAF}.Debug|Any CPU.Build.0 = Debug|Any CPU
		{FFD7D40D-AC94-4A94-AA58-20D52A2B1DAF}.Release|Any CPU.ActiveCfg = Release|Any CPU
		{FFD7D40D-AC94-4A94-AA58-20D52A2B1DAF}.Release|Any CPU.Build.0 = Release|Any CPU
		{936395EC-561B-482C-8D9A-AB3BDDAD2ABF}.Debug|Any CPU.ActiveCfg = Debug|Any CPU
		{936395EC-561B-482C-8D9A-AB3BDDAD2ABF}.Debug|Any CPU.Build.0 = Debug|Any CPU
		{936395EC-561B-482C-8D9A-AB3BDDAD2ABF}.Release|Any CPU.ActiveCfg = Release|Any CPU
		{936395EC-561B-482C-8D9A-AB3BDDAD2ABF}.Release|Any CPU.Build.0 = Release|Any CPU
	EndGlobalSection
	GlobalSection(SolutionProperties) = preSolution
		HideSolutionNode = FALSE
	EndGlobalSection
EndGlobal
